
Microsoft Visual Studio Solution File, Format Version 12.00
# Visual Studio 15
Project("{FAE04EC0-301F-11D3-BF4B-00C04F79EFBC}") = "web_service", "web_service\web_service.csproj", "{759FD595-56AA-4C54-90EC-0647056F3135}"
EndProject
Project("{FAE04EC0-301F-11D3-BF4B-00C04F79EFBC}") = "web_service.Tests", "web_service.Tests\web_service.Tests.csproj", "{9598A729-708C-4289-B502-C8C2E828364C}"
EndProject
Global
	GlobalSection(SolutionConfigurationPlatforms) = preSolution
		Debug|Any CPU = Debug|Any CPU
		Release|Any CPU = Release|Any CPU
	EndGlobalSection
	GlobalSection(ProjectConfigurationPlatforms) = postSolution
		{759FD595-56AA-4C54-90EC-0647056F3135}.Debug|Any CPU.ActiveCfg = Debug|Any CPU
		{759FD595-56AA-4C54-90EC-0647056F3135}.Debug|Any CPU.Build.0 = Debug|Any CPU
		{759FD595-56AA-4C54-90EC-0647056F3135}.Release|Any CPU.ActiveCfg = Release|Any CPU
		{759FD595-56AA-4C54-90EC-0647056F3135}.Release|Any CPU.Build.0 = Release|Any CPU
		{9598A729-708C-4289-B502-C8C2E828364C}.Debug|Any CPU.ActiveCfg = Debug|Any CPU
		{9598A729-708C-4289-B502-C8C2E828364C}.Debug|Any CPU.Build.0 = Debug|Any CPU
		{9598A729-708C-4289-B502-C8C2E828364C}.Release|Any CPU.ActiveCfg = Release|Any CPU
		{9598A729-708C-4289-B502-C8C2E828364C}.Release|Any CPU.Build.0 = Release|Any CPU
	EndGlobalSection
EndGlobal
