
Microsoft Visual Studio Solution File, Format Version 12.00
# Visual Studio Version 16
VisualStudioVersion = 16.0.29920.165
MinimumVisualStudioVersion = 10.0.40219.1
Project("{FAE04EC0-301F-11D3-BF4B-00C04F79EFBC}") = "Calculator", "Calculator\Calculator.csproj", "{944D04C2-776E-4360-AC22-960A974347B7}"
EndProject
Global
	GlobalSection(SolutionConfigurationPlatforms) = preSolution
		Debug|Any CPU = Debug|Any CPU
		Release|Any CPU = Release|Any CPU
	EndGlobalSection
	GlobalSection(ProjectConfigurationPlatforms) = postSolution
		{944D04C2-776E-4360-AC22-960A974347B7}.Debug|Any CPU.ActiveCfg = Debug|Any CPU
		{944D04C2-776E-4360-AC22-960A974347B7}.Debug|Any CPU.Build.0 = Debug|Any CPU
		{944D04C2-776E-4360-AC22-960A974347B7}.Release|Any CPU.ActiveCfg = Release|Any CPU
		{944D04C2-776E-4360-AC22-960A974347B7}.Release|Any CPU.Build.0 = Release|Any CPU
	EndGlobalSection
	GlobalSection(SolutionProperties) = preSolution
		HideSolutionNode = FALSE
	EndGlobalSection
	GlobalSection(ExtensibilityGlobals) = postSolution
		SolutionGuid = {8C6AC36F-A5C5-41E8-85C3-21EF93E9B71D}
	EndGlobalSection
EndGlobal
